{
  "name": "app",
  "version": "1.0.0",
  "lockfileVersion": 2,
  "requires": true,
  "packages": {
    "": {
      "name": "app",
      "version": "1.0.0",
      "license": "ISC",
      "dependencies": {
        "@babylonjs/core": "^5.13.3",
        "@babylonjs/gui": "^5.13.3",
        "@babylonjs/inspector": "^5.13.3",
        "@timohausmann/quadtree-js": "^1.2.5"
      },
      "devDependencies": {
        "@types/react": "^17.0.37",
        "@types/react-dom": "^17.0.11",
        "typescript": "^4.4.3"
      }
    },
    "node_modules/@babylonjs/core": {
      "version": "5.13.3",
      "resolved": "https://registry.npmjs.org/@babylonjs/core/-/core-5.13.3.tgz",
      "integrity": "sha512-46anhfLnehY2okyccESefX6P1QnvkL6MvBTED5OxvpfheZ7uqEZc3ny+a3y9vt3d7vPXbF0rUz2SrDrSQNzPOA==",
      "dependencies": {
        "tslib": "^2.4.0"
      }
    },
    "node_modules/@babylonjs/gui": {
      "version": "5.13.3",
      "resolved": "https://registry.npmjs.org/@babylonjs/gui/-/gui-5.13.3.tgz",
      "integrity": "sha512-2ecRWeDvFdr29Ujbvt1TZBngm4T/IbDoL1QF3wSg7EoJmy9H/7ZPQRo0oKOyFkiCsfm89OI02eHbOXlKVptIpg==",
      "dependencies": {
        "tslib": "^2.4.0"
      },
      "peerDependencies": {
        "@babylonjs/core": "^5.0.0"
      }
    },
    "node_modules/@babylonjs/gui-editor": {
      "version": "5.9.0",
      "resolved": "https://registry.npmjs.org/@babylonjs/gui-editor/-/gui-editor-5.9.0.tgz",
      "integrity": "sha512-UTR4nztB0MVv2nLxrMfHT2aCaYLSwGDi29Dufo1S39D5ovW9yA7+hgL2i20k9pU3ZgbvygqMEFsui3vNqQ9Ksw==",
      "peer": true,
      "dependencies": {
        "@babylonjs/core": "^5.9.0",
        "@babylonjs/gui": "^5.9.0"
      },
      "peerDependencies": {
        "@types/react": ">=16.7.3",
        "@types/react-dom": ">=16.0.9"
      }
    },
    "node_modules/@babylonjs/inspector": {
      "version": "5.13.3",
      "resolved": "https://registry.npmjs.org/@babylonjs/inspector/-/inspector-5.13.3.tgz",
      "integrity": "sha512-Jj30+PEe+hMZOlwmkbiC/YOssehe9sCgIhOI/Dtn4zw3zgF4kcrqnYxYEywmAFsLXg9WDFbDPiErk8RRe1iFQg==",
      "dependencies": {
        "@fortawesome/fontawesome-svg-core": "^6.1.0",
        "@fortawesome/free-regular-svg-icons": "^6.0.0",
        "@fortawesome/free-solid-svg-icons": "^6.0.0"
      },
      "peerDependencies": {
        "@babylonjs/core": "^5.0.0",
        "@babylonjs/gui": "^5.0.0",
        "@babylonjs/gui-editor": "^5.0.0",
        "@babylonjs/loaders": "^5.0.0",
        "@babylonjs/materials": "^5.0.0",
        "@babylonjs/serializers": "^5.0.0",
        "@types/react": ">=16.7.3",
        "@types/react-dom": ">=16.0.9"
      }
    },
    "node_modules/@babylonjs/loaders": {
      "version": "5.9.0",
      "resolved": "https://registry.npmjs.org/@babylonjs/loaders/-/loaders-5.9.0.tgz",
      "integrity": "sha512-pOoLcWvGKMsJ+csQu2ua9gbetguV6yTkkbqHky3hjl/OzEooYnmrLDcDGUnYCXdjgOVX6JfHcAt81E896bZlyw==",
      "peer": true,
      "dependencies": {
        "@babylonjs/core": "^5.9.0",
        "babylonjs-gltf2interface": "^5.9.0",
        "tslib": "^2.3.1"
      }
    },
    "node_modules/@babylonjs/materials": {
      "version": "5.9.0",
      "resolved": "https://registry.npmjs.org/@babylonjs/materials/-/materials-5.9.0.tgz",
      "integrity": "sha512-sMmCOzs9GDPtlKh55umrAt2WYI9E+K4rz8/Ice1TTntd2oKE3RpVz/AYCBz4OQyZjbtT1nO4WWyrZmwBDHiSww==",
      "peer": true,
      "dependencies": {
        "@babylonjs/core": "^5.9.0",
        "tslib": "^2.3.1"
      }
    },
    "node_modules/@babylonjs/serializers": {
      "version": "5.9.0",
      "resolved": "https://registry.npmjs.org/@babylonjs/serializers/-/serializers-5.9.0.tgz",
      "integrity": "sha512-nxN28f3ylmfGIwvzsMLDKOrkE9Kw5BE1TMdwGGXzLDTCLnFaMAJzUWtqHfQa7lHILF6YAffNBnCmBvEHaZbEww==",
      "peer": true,
      "dependencies": {
        "@babylonjs/core": "^5.9.0",
        "babylonjs-gltf2interface": "^5.9.0",
        "tslib": "^2.3.1"
      }
    },
    "node_modules/@fortawesome/fontawesome-common-types": {
      "version": "6.1.1",
      "resolved": "https://registry.npmjs.org/@fortawesome/fontawesome-common-types/-/fontawesome-common-types-6.1.1.tgz",
      "integrity": "sha512-wVn5WJPirFTnzN6tR95abCx+ocH+3IFLXAgyavnf9hUmN0CfWoDjPT/BAWsUVwSlYYVBeCLJxaqi7ZGe4uSjBA==",
      "hasInstallScript": true,
      "engines": {
        "node": ">=6"
      }
    },
    "node_modules/@fortawesome/fontawesome-svg-core": {
      "version": "6.1.1",
      "resolved": "https://registry.npmjs.org/@fortawesome/fontawesome-svg-core/-/fontawesome-svg-core-6.1.1.tgz",
      "integrity": "sha512-NCg0w2YIp81f4V6cMGD9iomfsIj7GWrqmsa0ZsPh59G7PKiGN1KymZNxmF00ssuAlo/VZmpK6xazsGOwzKYUMg==",
      "hasInstallScript": true,
      "dependencies": {
        "@fortawesome/fontawesome-common-types": "6.1.1"
      },
      "engines": {
        "node": ">=6"
      }
    },
    "node_modules/@fortawesome/free-regular-svg-icons": {
      "version": "6.1.1",
      "resolved": "https://registry.npmjs.org/@fortawesome/free-regular-svg-icons/-/free-regular-svg-icons-6.1.1.tgz",
      "integrity": "sha512-xXiW7hcpgwmWtndKPOzG+43fPH7ZjxOaoeyooptSztGmJxCAflHZxXNK0GcT0uEsR4jTGQAfGklDZE5NHoBhKg==",
      "hasInstallScript": true,
      "dependencies": {
        "@fortawesome/fontawesome-common-types": "6.1.1"
      },
      "engines": {
        "node": ">=6"
      }
    },
    "node_modules/@fortawesome/free-solid-svg-icons": {
      "version": "6.1.1",
      "resolved": "https://registry.npmjs.org/@fortawesome/free-solid-svg-icons/-/free-solid-svg-icons-6.1.1.tgz",
      "integrity": "sha512-0/5exxavOhI/D4Ovm2r3vxNojGZioPwmFrKg0ZUH69Q68uFhFPs6+dhAToh6VEQBntxPRYPuT5Cg1tpNa9JUPg==",
      "hasInstallScript": true,
      "dependencies": {
        "@fortawesome/fontawesome-common-types": "6.1.1"
      },
      "engines": {
        "node": ">=6"
      }
    },
    "node_modules/@timohausmann/quadtree-js": {
      "version": "1.2.5",
      "resolved": "https://registry.npmjs.org/@timohausmann/quadtree-js/-/quadtree-js-1.2.5.tgz",
      "integrity": "sha512-WcH3pouYtpyLjTCRvNP0WuSV4m7mRyYhLzW44egveFryT7pJhpDsdIJASEe37iCFNA0vmEpqTYGoG0siyXEthA=="
    },
    "node_modules/@types/prop-types": {
      "version": "15.7.5",
      "resolved": "https://registry.npmjs.org/@types/prop-types/-/prop-types-15.7.5.tgz",
      "integrity": "sha512-JCB8C6SnDoQf0cNycqd/35A7MjcnK+ZTqE7judS6o7utxUCg6imJg3QK2qzHKszlTjcj2cn+NwMB2i96ubpj7w=="
    },
    "node_modules/@types/react": {
      "version": "17.0.45",
      "resolved": "https://registry.npmjs.org/@types/react/-/react-17.0.45.tgz",
      "integrity": "sha512-YfhQ22Lah2e3CHPsb93tRwIGNiSwkuz1/blk4e6QrWS0jQzCSNbGLtOEYhPg02W0yGTTmpajp7dCTbBAMN3qsg==",
      "dependencies": {
        "@types/prop-types": "*",
        "@types/scheduler": "*",
        "csstype": "^3.0.2"
      }
    },
    "node_modules/@types/react-dom": {
      "version": "17.0.17",
      "resolved": "https://registry.npmjs.org/@types/react-dom/-/react-dom-17.0.17.tgz",
      "integrity": "sha512-VjnqEmqGnasQKV0CWLevqMTXBYG9GbwuE6x3VetERLh0cq2LTptFE73MrQi2S7GkKXCf2GgwItB/melLnxfnsg==",
      "dependencies": {
        "@types/react": "^17"
      }
    },
    "node_modules/@types/scheduler": {
      "version": "0.16.2",
      "resolved": "https://registry.npmjs.org/@types/scheduler/-/scheduler-0.16.2.tgz",
      "integrity": "sha512-hppQEBDmlwhFAXKJX2KnWLYu5yMfi91yazPb2l+lbJiwW+wdo1gNeRA+3RgNSO39WYX2euey41KEwnqesU2Jew=="
    },
    "node_modules/babylonjs-gltf2interface": {
      "version": "5.9.0",
      "resolved": "https://registry.npmjs.org/babylonjs-gltf2interface/-/babylonjs-gltf2interface-5.9.0.tgz",
      "integrity": "sha512-cyHOWEXYEqc9oGbHuCEMhVj4GTF8UEb0SmxnwSdfw7omwN6lTqv6VyIjHBrKFa1FFf4moo5a4KAHpW/Q3KsUrg==",
      "peer": true
    },
    "node_modules/csstype": {
      "version": "3.1.0",
      "resolved": "https://registry.npmjs.org/csstype/-/csstype-3.1.0.tgz",
      "integrity": "sha512-uX1KG+x9h5hIJsaKR9xHUeUraxf8IODOwq9JLNPq6BwB04a/xgpq3rcx47l5BZu5zBPlgD342tdke3Hom/nJRA=="
    },
    "node_modules/tslib": {
      "version": "2.4.0",
      "resolved": "https://registry.npmjs.org/tslib/-/tslib-2.4.0.tgz",
      "integrity": "sha512-d6xOpEDfsi2CZVlPQzGeux8XMwLT9hssAsaPYExaQMuYskwb+x1x7J371tWlbBdWHroy99KnVB6qIkUbs5X3UQ=="
    },
    "node_modules/typescript": {
      "version": "4.7.3",
      "resolved": "https://registry.npmjs.org/typescript/-/typescript-4.7.3.tgz",
      "integrity": "sha512-WOkT3XYvrpXx4vMMqlD+8R8R37fZkjyLGlxavMc4iB8lrl8L0DeTcHbYgw/v0N/z9wAFsgBhcsF0ruoySS22mA==",
      "dev": true,
      "bin": {
        "tsc": "bin/tsc",
        "tsserver": "bin/tsserver"
      },
      "engines": {
        "node": ">=4.2.0"
      }
    }
  },
  "dependencies": {
    "@babylonjs/core": {
      "version": "5.13.3",
      "resolved": "https://registry.npmjs.org/@babylonjs/core/-/core-5.13.3.tgz",
      "integrity": "sha512-46anhfLnehY2okyccESefX6P1QnvkL6MvBTED5OxvpfheZ7uqEZc3ny+a3y9vt3d7vPXbF0rUz2SrDrSQNzPOA==",
      "requires": {
        "tslib": "^2.4.0"
      }
    },
    "@babylonjs/gui": {
      "version": "5.13.3",
      "resolved": "https://registry.npmjs.org/@babylonjs/gui/-/gui-5.13.3.tgz",
      "integrity": "sha512-2ecRWeDvFdr29Ujbvt1TZBngm4T/IbDoL1QF3wSg7EoJmy9H/7ZPQRo0oKOyFkiCsfm89OI02eHbOXlKVptIpg==",
      "requires": {
        "tslib": "^2.4.0"
      }
    },
    "@babylonjs/gui-editor": {
      "version": "5.9.0",
      "resolved": "https://registry.npmjs.org/@babylonjs/gui-editor/-/gui-editor-5.9.0.tgz",
      "integrity": "sha512-UTR4nztB0MVv2nLxrMfHT2aCaYLSwGDi29Dufo1S39D5ovW9yA7+hgL2i20k9pU3ZgbvygqMEFsui3vNqQ9Ksw==",
      "peer": true,
      "requires": {
        "@babylonjs/core": "^5.9.0",
        "@babylonjs/gui": "^5.9.0"
      }
    },
    "@babylonjs/inspector": {
      "version": "5.13.3",
      "resolved": "https://registry.npmjs.org/@babylonjs/inspector/-/inspector-5.13.3.tgz",
      "integrity": "sha512-Jj30+PEe+hMZOlwmkbiC/YOssehe9sCgIhOI/Dtn4zw3zgF4kcrqnYxYEywmAFsLXg9WDFbDPiErk8RRe1iFQg==",
      "requires": {
        "@fortawesome/fontawesome-svg-core": "^6.1.0",
        "@fortawesome/free-regular-svg-icons": "^6.0.0",
        "@fortawesome/free-solid-svg-icons": "^6.0.0"
      }
    },
    "@babylonjs/loaders": {
      "version": "5.9.0",
      "resolved": "https://registry.npmjs.org/@babylonjs/loaders/-/loaders-5.9.0.tgz",
      "integrity": "sha512-pOoLcWvGKMsJ+csQu2ua9gbetguV6yTkkbqHky3hjl/OzEooYnmrLDcDGUnYCXdjgOVX6JfHcAt81E896bZlyw==",
      "peer": true,
      "requires": {
        "@babylonjs/core": "^5.9.0",
        "babylonjs-gltf2interface": "^5.9.0",
        "tslib": "^2.3.1"
      }
    },
    "@babylonjs/materials": {
      "version": "5.9.0",
      "resolved": "https://registry.npmjs.org/@babylonjs/materials/-/materials-5.9.0.tgz",
      "integrity": "sha512-sMmCOzs9GDPtlKh55umrAt2WYI9E+K4rz8/Ice1TTntd2oKE3RpVz/AYCBz4OQyZjbtT1nO4WWyrZmwBDHiSww==",
      "peer": true,
      "requires": {
        "@babylonjs/core": "^5.9.0",
        "tslib": "^2.3.1"
      }
    },
    "@babylonjs/serializers": {
      "version": "5.9.0",
      "resolved": "https://registry.npmjs.org/@babylonjs/serializers/-/serializers-5.9.0.tgz",
      "integrity": "sha512-nxN28f3ylmfGIwvzsMLDKOrkE9Kw5BE1TMdwGGXzLDTCLnFaMAJzUWtqHfQa7lHILF6YAffNBnCmBvEHaZbEww==",
      "peer": true,
      "requires": {
        "@babylonjs/core": "^5.9.0",
        "babylonjs-gltf2interface": "^5.9.0",
        "tslib": "^2.3.1"
      }
    },
    "@fortawesome/fontawesome-common-types": {
      "version": "6.1.1",
      "resolved": "https://registry.npmjs.org/@fortawesome/fontawesome-common-types/-/fontawesome-common-types-6.1.1.tgz",
      "integrity": "sha512-wVn5WJPirFTnzN6tR95abCx+ocH+3IFLXAgyavnf9hUmN0CfWoDjPT/BAWsUVwSlYYVBeCLJxaqi7ZGe4uSjBA=="
    },
    "@fortawesome/fontawesome-svg-core": {
      "version": "6.1.1",
      "resolved": "https://registry.npmjs.org/@fortawesome/fontawesome-svg-core/-/fontawesome-svg-core-6.1.1.tgz",
      "integrity": "sha512-NCg0w2YIp81f4V6cMGD9iomfsIj7GWrqmsa0ZsPh59G7PKiGN1KymZNxmF00ssuAlo/VZmpK6xazsGOwzKYUMg==",
      "requires": {
        "@fortawesome/fontawesome-common-types": "6.1.1"
      }
    },
    "@fortawesome/free-regular-svg-icons": {
      "version": "6.1.1",
      "resolved": "https://registry.npmjs.org/@fortawesome/free-regular-svg-icons/-/free-regular-svg-icons-6.1.1.tgz",
      "integrity": "sha512-xXiW7hcpgwmWtndKPOzG+43fPH7ZjxOaoeyooptSztGmJxCAflHZxXNK0GcT0uEsR4jTGQAfGklDZE5NHoBhKg==",
      "requires": {
        "@fortawesome/fontawesome-common-types": "6.1.1"
      }
    },
    "@fortawesome/free-solid-svg-icons": {
      "version": "6.1.1",
      "resolved": "https://registry.npmjs.org/@fortawesome/free-solid-svg-icons/-/free-solid-svg-icons-6.1.1.tgz",
      "integrity": "sha512-0/5exxavOhI/D4Ovm2r3vxNojGZioPwmFrKg0ZUH69Q68uFhFPs6+dhAToh6VEQBntxPRYPuT5Cg1tpNa9JUPg==",
      "requires": {
        "@fortawesome/fontawesome-common-types": "6.1.1"
      }
    },
    "@timohausmann/quadtree-js": {
      "version": "1.2.5",
      "resolved": "https://registry.npmjs.org/@timohausmann/quadtree-js/-/quadtree-js-1.2.5.tgz",
      "integrity": "sha512-WcH3pouYtpyLjTCRvNP0WuSV4m7mRyYhLzW44egveFryT7pJhpDsdIJASEe37iCFNA0vmEpqTYGoG0siyXEthA=="
    },
    "@types/prop-types": {
      "version": "15.7.5",
      "resolved": "https://registry.npmjs.org/@types/prop-types/-/prop-types-15.7.5.tgz",
      "integrity": "sha512-JCB8C6SnDoQf0cNycqd/35A7MjcnK+ZTqE7judS6o7utxUCg6imJg3QK2qzHKszlTjcj2cn+NwMB2i96ubpj7w=="
    },
    "@types/react": {
      "version": "17.0.45",
      "resolved": "https://registry.npmjs.org/@types/react/-/react-17.0.45.tgz",
      "integrity": "sha512-YfhQ22Lah2e3CHPsb93tRwIGNiSwkuz1/blk4e6QrWS0jQzCSNbGLtOEYhPg02W0yGTTmpajp7dCTbBAMN3qsg==",
      "requires": {
        "@types/prop-types": "*",
        "@types/scheduler": "*",
        "csstype": "^3.0.2"
      }
    },
    "@types/react-dom": {
      "version": "17.0.17",
      "resolved": "https://registry.npmjs.org/@types/react-dom/-/react-dom-17.0.17.tgz",
      "integrity": "sha512-VjnqEmqGnasQKV0CWLevqMTXBYG9GbwuE6x3VetERLh0cq2LTptFE73MrQi2S7GkKXCf2GgwItB/melLnxfnsg==",
      "requires": {
        "@types/react": "^17"
      }
    },
    "@types/scheduler": {
      "version": "0.16.2",
      "resolved": "https://registry.npmjs.org/@types/scheduler/-/scheduler-0.16.2.tgz",
      "integrity": "sha512-hppQEBDmlwhFAXKJX2KnWLYu5yMfi91yazPb2l+lbJiwW+wdo1gNeRA+3RgNSO39WYX2euey41KEwnqesU2Jew=="
    },
    "babylonjs-gltf2interface": {
      "version": "5.9.0",
      "resolved": "https://registry.npmjs.org/babylonjs-gltf2interface/-/babylonjs-gltf2interface-5.9.0.tgz",
      "integrity": "sha512-cyHOWEXYEqc9oGbHuCEMhVj4GTF8UEb0SmxnwSdfw7omwN6lTqv6VyIjHBrKFa1FFf4moo5a4KAHpW/Q3KsUrg==",
      "peer": true
    },
    "csstype": {
      "version": "3.1.0",
      "resolved": "https://registry.npmjs.org/csstype/-/csstype-3.1.0.tgz",
      "integrity": "sha512-uX1KG+x9h5hIJsaKR9xHUeUraxf8IODOwq9JLNPq6BwB04a/xgpq3rcx47l5BZu5zBPlgD342tdke3Hom/nJRA=="
    },
    "tslib": {
      "version": "2.4.0",
      "resolved": "https://registry.npmjs.org/tslib/-/tslib-2.4.0.tgz",
      "integrity": "sha512-d6xOpEDfsi2CZVlPQzGeux8XMwLT9hssAsaPYExaQMuYskwb+x1x7J371tWlbBdWHroy99KnVB6qIkUbs5X3UQ=="
    },
    "typescript": {
      "version": "4.7.3",
      "resolved": "https://registry.npmjs.org/typescript/-/typescript-4.7.3.tgz",
      "integrity": "sha512-WOkT3XYvrpXx4vMMqlD+8R8R37fZkjyLGlxavMc4iB8lrl8L0DeTcHbYgw/v0N/z9wAFsgBhcsF0ruoySS22mA==",
      "dev": true
    }
  }
}
