{
  "name": "app",
  "version": "1.0.0",
  "lockfileVersion": 2,
  "requires": true,
  "packages": {
    "": {
      "name": "app",
      "version": "1.0.0",
      "license": "ISC",
      "dependencies": {
        "@babylonjs/core": "^5.13.3",
        "@babylonjs/gui": "^5.13.3",
        "@babylonjs/inspector": "^5.13.3",
        "@babylonjs/materials": "^5.13.3",
        "@timohausmann/quadtree-js": "^1.2.5"
      },
      "devDependencies": {
        "@types/react": "^17.0.37",
        "@types/react-dom": "^17.0.11",
        "typescript": "^4.4.3"
      }
    },
    "node_modules/@babylonjs/core": {
      "version": "5.42.0",
      "resolved": "https://registry.npmjs.org/@babylonjs/core/-/core-5.42.0.tgz",
      "integrity": "sha512-ZER5UMvggUTFmmsc4Xjj3OA6JrZCQN424Yq4BfmrOT9IVQORCXL5eFJImMoyhJGjiCQLMlzKjCG8DTYY7IyHCA=="
    },
    "node_modules/@babylonjs/gui": {
      "version": "5.42.0",
      "resolved": "https://registry.npmjs.org/@babylonjs/gui/-/gui-5.42.0.tgz",
      "integrity": "sha512-Hp31VZI8jibtfIPgZGWKFh5yL4EH2y7JJQQlirjjAvM+jA1KSa0tl1eZFNm8doJWtrkk+o6I84jDt1nlUcUnAQ==",
      "peerDependencies": {
        "@babylonjs/core": "^5.22.0"
      }
    },
    "node_modules/@babylonjs/gui-editor": {
      "version": "5.42.0",
      "resolved": "https://registry.npmjs.org/@babylonjs/gui-editor/-/gui-editor-5.42.0.tgz",
      "integrity": "sha512-iUJh6sCGUstoV7TSylPMSshJ8iWQylYmTCal9p4f1KT32OOdpMhfAfh7HCljdCGZXSOLQuue/ZXj/LpF9klXgQ==",
      "peer": true,
      "peerDependencies": {
        "@babylonjs/core": "^5.22.0",
        "@babylonjs/gui": "^5.22.0",
        "@types/react": ">=16.7.3",
        "@types/react-dom": ">=16.0.9"
      }
    },
    "node_modules/@babylonjs/inspector": {
      "version": "5.42.0",
      "resolved": "https://registry.npmjs.org/@babylonjs/inspector/-/inspector-5.42.0.tgz",
      "integrity": "sha512-qchzhGv60rIKrLWD6GyavYEVigF95yIAZKu55Gvxy9JJMIlbhAN8EDgi8BGs3CrnR/nRYpqOdFD0UVmeoCU3Ww==",
      "dependencies": {
        "@fortawesome/fontawesome-svg-core": "^6.1.0",
        "@fortawesome/free-regular-svg-icons": "^6.0.0",
        "@fortawesome/free-solid-svg-icons": "^6.0.0"
      },
      "peerDependencies": {
        "@babylonjs/core": "^5.22.0",
        "@babylonjs/gui": "^5.22.0",
        "@babylonjs/gui-editor": "^5.22.0",
        "@babylonjs/loaders": "^5.22.0",
        "@babylonjs/materials": "^5.22.0",
        "@babylonjs/serializers": "^5.22.0",
        "@types/react": ">=16.7.3",
        "@types/react-dom": ">=16.0.9"
      }
    },
    "node_modules/@babylonjs/loaders": {
      "version": "5.42.0",
      "resolved": "https://registry.npmjs.org/@babylonjs/loaders/-/loaders-5.42.0.tgz",
      "integrity": "sha512-ARAn8wmwNTMbDU42kFJxd2xlPETkvtHeFbE5nnNBD9XbuUxIIwghjFiHNorFZxenjIkaXCAq0BomczVEGyVtZw==",
      "peer": true,
      "peerDependencies": {
        "@babylonjs/core": "^5.22.0",
        "babylonjs-gltf2interface": "^5.22.0"
      }
    },
    "node_modules/@babylonjs/materials": {
      "version": "5.42.0",
      "resolved": "https://registry.npmjs.org/@babylonjs/materials/-/materials-5.42.0.tgz",
      "integrity": "sha512-u2JOOLkoeZ3xrBlxJWQtW1h8hXN8PaGoyxrhO+nmkWY1lwMPsJ54W6JFpBFIYjv3Zh8XXlCM7s1CRb2BPtqctg==",
      "peerDependencies": {
        "@babylonjs/core": "^5.22.0"
      }
    },
    "node_modules/@babylonjs/serializers": {
      "version": "5.42.0",
      "resolved": "https://registry.npmjs.org/@babylonjs/serializers/-/serializers-5.42.0.tgz",
      "integrity": "sha512-6J3G1tHb7yg5HBFh9ZjuABnVB2r23O3I0WCpQXtvbYh+VasXVyzcPak0yfEYx4x8DuDohqnb9lcwKj8ls9BJ5g==",
      "peer": true,
      "peerDependencies": {
        "@babylonjs/core": "^5.22.0",
        "babylonjs-gltf2interface": "^5.22.0"
      }
    },
    "node_modules/@fortawesome/fontawesome-common-types": {
      "version": "6.2.1",
      "resolved": "https://registry.npmjs.org/@fortawesome/fontawesome-common-types/-/fontawesome-common-types-6.2.1.tgz",
      "integrity": "sha512-Sz07mnQrTekFWLz5BMjOzHl/+NooTdW8F8kDQxjWwbpOJcnoSg4vUDng8d/WR1wOxM0O+CY9Zw0nR054riNYtQ==",
      "hasInstallScript": true,
      "engines": {
        "node": ">=6"
      }
    },
    "node_modules/@fortawesome/fontawesome-svg-core": {
      "version": "6.2.1",
      "resolved": "https://registry.npmjs.org/@fortawesome/fontawesome-svg-core/-/fontawesome-svg-core-6.2.1.tgz",
      "integrity": "sha512-HELwwbCz6C1XEcjzyT1Jugmz2NNklMrSPjZOWMlc+ZsHIVk+XOvOXLGGQtFBwSyqfJDNgRq4xBCwWOaZ/d9DEA==",
      "hasInstallScript": true,
      "dependencies": {
        "@fortawesome/fontawesome-common-types": "6.2.1"
      },
      "engines": {
        "node": ">=6"
      }
    },
    "node_modules/@fortawesome/free-regular-svg-icons": {
      "version": "6.2.1",
      "resolved": "https://registry.npmjs.org/@fortawesome/free-regular-svg-icons/-/free-regular-svg-icons-6.2.1.tgz",
      "integrity": "sha512-wiqcNDNom75x+pe88FclpKz7aOSqS2lOivZeicMV5KRwOAeypxEYWAK/0v+7r+LrEY30+qzh8r2XDaEHvoLsMA==",
      "hasInstallScript": true,
      "dependencies": {
        "@fortawesome/fontawesome-common-types": "6.2.1"
      },
      "engines": {
        "node": ">=6"
      }
    },
    "node_modules/@fortawesome/free-solid-svg-icons": {
      "version": "6.2.1",
      "resolved": "https://registry.npmjs.org/@fortawesome/free-solid-svg-icons/-/free-solid-svg-icons-6.2.1.tgz",
      "integrity": "sha512-oKuqrP5jbfEPJWTij4sM+/RvgX+RMFwx3QZCZcK9PrBDgxC35zuc7AOFsyMjMd/PIFPeB2JxyqDr5zs/DZFPPw==",
      "hasInstallScript": true,
      "dependencies": {
        "@fortawesome/fontawesome-common-types": "6.2.1"
      },
      "engines": {
        "node": ">=6"
      }
    },
    "node_modules/@timohausmann/quadtree-js": {
      "version": "1.2.5",
      "resolved": "https://registry.npmjs.org/@timohausmann/quadtree-js/-/quadtree-js-1.2.5.tgz",
      "integrity": "sha512-WcH3pouYtpyLjTCRvNP0WuSV4m7mRyYhLzW44egveFryT7pJhpDsdIJASEe37iCFNA0vmEpqTYGoG0siyXEthA=="
    },
    "node_modules/@types/prop-types": {
      "version": "15.7.5",
      "resolved": "https://registry.npmjs.org/@types/prop-types/-/prop-types-15.7.5.tgz",
      "integrity": "sha512-JCB8C6SnDoQf0cNycqd/35A7MjcnK+ZTqE7judS6o7utxUCg6imJg3QK2qzHKszlTjcj2cn+NwMB2i96ubpj7w=="
    },
    "node_modules/@types/react": {
      "version": "17.0.52",
      "resolved": "https://registry.npmjs.org/@types/react/-/react-17.0.52.tgz",
      "integrity": "sha512-vwk8QqVODi0VaZZpDXQCmEmiOuyjEFPY7Ttaw5vjM112LOq37yz1CDJGrRJwA1fYEq4Iitd5rnjd1yWAc/bT+A==",
      "dependencies": {
        "@types/prop-types": "*",
        "@types/scheduler": "*",
        "csstype": "^3.0.2"
      }
    },
    "node_modules/@types/react-dom": {
      "version": "17.0.18",
      "resolved": "https://registry.npmjs.org/@types/react-dom/-/react-dom-17.0.18.tgz",
      "integrity": "sha512-rLVtIfbwyur2iFKykP2w0pl/1unw26b5td16d5xMgp7/yjTHomkyxPYChFoCr/FtEX1lN9wY6lFj1qvKdS5kDw==",
      "dependencies": {
        "@types/react": "^17"
      }
    },
    "node_modules/@types/scheduler": {
      "version": "0.16.2",
      "resolved": "https://registry.npmjs.org/@types/scheduler/-/scheduler-0.16.2.tgz",
      "integrity": "sha512-hppQEBDmlwhFAXKJX2KnWLYu5yMfi91yazPb2l+lbJiwW+wdo1gNeRA+3RgNSO39WYX2euey41KEwnqesU2Jew=="
    },
    "node_modules/babylonjs-gltf2interface": {
      "version": "5.42.0",
      "resolved": "https://registry.npmjs.org/babylonjs-gltf2interface/-/babylonjs-gltf2interface-5.42.0.tgz",
      "integrity": "sha512-8iH5/2GeHp1d7+m5ZTJPXg1rbMSuTAOUNOULkANEHwtePe2qQXlJgv/obZYzHnUdHQnkvkhl4ALmGkzlFexWUg==",
      "peer": true
    },
    "node_modules/csstype": {
      "version": "3.1.1",
      "resolved": "https://registry.npmjs.org/csstype/-/csstype-3.1.1.tgz",
      "integrity": "sha512-DJR/VvkAvSZW9bTouZue2sSxDwdTN92uHjqeKVm+0dAqdfNykRzQ95tay8aXMBAAPpUiq4Qcug2L7neoRh2Egw=="
    },
    "node_modules/typescript": {
      "version": "4.9.4",
      "resolved": "https://registry.npmjs.org/typescript/-/typescript-4.9.4.tgz",
      "integrity": "sha512-Uz+dTXYzxXXbsFpM86Wh3dKCxrQqUcVMxwU54orwlJjOpO3ao8L7j5lH+dWfTwgCwIuM9GQ2kvVotzYJMXTBZg==",
      "dev": true,
      "bin": {
        "tsc": "bin/tsc",
        "tsserver": "bin/tsserver"
      },
      "engines": {
        "node": ">=4.2.0"
      }
    }
  },
  "dependencies": {
    "@babylonjs/core": {
      "version": "5.42.0",
      "resolved": "https://registry.npmjs.org/@babylonjs/core/-/core-5.42.0.tgz",
      "integrity": "sha512-ZER5UMvggUTFmmsc4Xjj3OA6JrZCQN424Yq4BfmrOT9IVQORCXL5eFJImMoyhJGjiCQLMlzKjCG8DTYY7IyHCA=="
    },
    "@babylonjs/gui": {
      "version": "5.42.0",
      "resolved": "https://registry.npmjs.org/@babylonjs/gui/-/gui-5.42.0.tgz",
      "integrity": "sha512-Hp31VZI8jibtfIPgZGWKFh5yL4EH2y7JJQQlirjjAvM+jA1KSa0tl1eZFNm8doJWtrkk+o6I84jDt1nlUcUnAQ==",
      "requires": {}
    },
    "@babylonjs/gui-editor": {
      "version": "5.42.0",
      "resolved": "https://registry.npmjs.org/@babylonjs/gui-editor/-/gui-editor-5.42.0.tgz",
      "integrity": "sha512-iUJh6sCGUstoV7TSylPMSshJ8iWQylYmTCal9p4f1KT32OOdpMhfAfh7HCljdCGZXSOLQuue/ZXj/LpF9klXgQ==",
      "peer": true,
      "requires": {}
    },
    "@babylonjs/inspector": {
      "version": "5.42.0",
      "resolved": "https://registry.npmjs.org/@babylonjs/inspector/-/inspector-5.42.0.tgz",
      "integrity": "sha512-qchzhGv60rIKrLWD6GyavYEVigF95yIAZKu55Gvxy9JJMIlbhAN8EDgi8BGs3CrnR/nRYpqOdFD0UVmeoCU3Ww==",
      "requires": {
        "@fortawesome/fontawesome-svg-core": "^6.1.0",
        "@fortawesome/free-regular-svg-icons": "^6.0.0",
        "@fortawesome/free-solid-svg-icons": "^6.0.0"
      }
    },
    "@babylonjs/loaders": {
      "version": "5.42.0",
      "resolved": "https://registry.npmjs.org/@babylonjs/loaders/-/loaders-5.42.0.tgz",
      "integrity": "sha512-ARAn8wmwNTMbDU42kFJxd2xlPETkvtHeFbE5nnNBD9XbuUxIIwghjFiHNorFZxenjIkaXCAq0BomczVEGyVtZw==",
      "peer": true,
      "requires": {}
    },
    "@babylonjs/materials": {
      "version": "5.42.0",
      "resolved": "https://registry.npmjs.org/@babylonjs/materials/-/materials-5.42.0.tgz",
      "integrity": "sha512-u2JOOLkoeZ3xrBlxJWQtW1h8hXN8PaGoyxrhO+nmkWY1lwMPsJ54W6JFpBFIYjv3Zh8XXlCM7s1CRb2BPtqctg==",
      "requires": {}
    },
    "@babylonjs/serializers": {
      "version": "5.42.0",
      "resolved": "https://registry.npmjs.org/@babylonjs/serializers/-/serializers-5.42.0.tgz",
      "integrity": "sha512-6J3G1tHb7yg5HBFh9ZjuABnVB2r23O3I0WCpQXtvbYh+VasXVyzcPak0yfEYx4x8DuDohqnb9lcwKj8ls9BJ5g==",
      "peer": true,
      "requires": {}
    },
    "@fortawesome/fontawesome-common-types": {
      "version": "6.2.1",
      "resolved": "https://registry.npmjs.org/@fortawesome/fontawesome-common-types/-/fontawesome-common-types-6.2.1.tgz",
      "integrity": "sha512-Sz07mnQrTekFWLz5BMjOzHl/+NooTdW8F8kDQxjWwbpOJcnoSg4vUDng8d/WR1wOxM0O+CY9Zw0nR054riNYtQ=="
    },
    "@fortawesome/fontawesome-svg-core": {
      "version": "6.2.1",
      "resolved": "https://registry.npmjs.org/@fortawesome/fontawesome-svg-core/-/fontawesome-svg-core-6.2.1.tgz",
      "integrity": "sha512-HELwwbCz6C1XEcjzyT1Jugmz2NNklMrSPjZOWMlc+ZsHIVk+XOvOXLGGQtFBwSyqfJDNgRq4xBCwWOaZ/d9DEA==",
      "requires": {
        "@fortawesome/fontawesome-common-types": "6.2.1"
      }
    },
    "@fortawesome/free-regular-svg-icons": {
      "version": "6.2.1",
      "resolved": "https://registry.npmjs.org/@fortawesome/free-regular-svg-icons/-/free-regular-svg-icons-6.2.1.tgz",
      "integrity": "sha512-wiqcNDNom75x+pe88FclpKz7aOSqS2lOivZeicMV5KRwOAeypxEYWAK/0v+7r+LrEY30+qzh8r2XDaEHvoLsMA==",
      "requires": {
        "@fortawesome/fontawesome-common-types": "6.2.1"
      }
    },
    "@fortawesome/free-solid-svg-icons": {
      "version": "6.2.1",
      "resolved": "https://registry.npmjs.org/@fortawesome/free-solid-svg-icons/-/free-solid-svg-icons-6.2.1.tgz",
      "integrity": "sha512-oKuqrP5jbfEPJWTij4sM+/RvgX+RMFwx3QZCZcK9PrBDgxC35zuc7AOFsyMjMd/PIFPeB2JxyqDr5zs/DZFPPw==",
      "requires": {
        "@fortawesome/fontawesome-common-types": "6.2.1"
      }
    },
    "@timohausmann/quadtree-js": {
      "version": "1.2.5",
      "resolved": "https://registry.npmjs.org/@timohausmann/quadtree-js/-/quadtree-js-1.2.5.tgz",
      "integrity": "sha512-WcH3pouYtpyLjTCRvNP0WuSV4m7mRyYhLzW44egveFryT7pJhpDsdIJASEe37iCFNA0vmEpqTYGoG0siyXEthA=="
    },
    "@types/prop-types": {
      "version": "15.7.5",
      "resolved": "https://registry.npmjs.org/@types/prop-types/-/prop-types-15.7.5.tgz",
      "integrity": "sha512-JCB8C6SnDoQf0cNycqd/35A7MjcnK+ZTqE7judS6o7utxUCg6imJg3QK2qzHKszlTjcj2cn+NwMB2i96ubpj7w=="
    },
    "@types/react": {
      "version": "17.0.52",
      "resolved": "https://registry.npmjs.org/@types/react/-/react-17.0.52.tgz",
      "integrity": "sha512-vwk8QqVODi0VaZZpDXQCmEmiOuyjEFPY7Ttaw5vjM112LOq37yz1CDJGrRJwA1fYEq4Iitd5rnjd1yWAc/bT+A==",
      "requires": {
        "@types/prop-types": "*",
        "@types/scheduler": "*",
        "csstype": "^3.0.2"
      }
    },
    "@types/react-dom": {
      "version": "17.0.18",
      "resolved": "https://registry.npmjs.org/@types/react-dom/-/react-dom-17.0.18.tgz",
      "integrity": "sha512-rLVtIfbwyur2iFKykP2w0pl/1unw26b5td16d5xMgp7/yjTHomkyxPYChFoCr/FtEX1lN9wY6lFj1qvKdS5kDw==",
      "requires": {
        "@types/react": "^17"
      }
    },
    "@types/scheduler": {
      "version": "0.16.2",
      "resolved": "https://registry.npmjs.org/@types/scheduler/-/scheduler-0.16.2.tgz",
      "integrity": "sha512-hppQEBDmlwhFAXKJX2KnWLYu5yMfi91yazPb2l+lbJiwW+wdo1gNeRA+3RgNSO39WYX2euey41KEwnqesU2Jew=="
    },
    "babylonjs-gltf2interface": {
      "version": "5.42.0",
      "resolved": "https://registry.npmjs.org/babylonjs-gltf2interface/-/babylonjs-gltf2interface-5.42.0.tgz",
      "integrity": "sha512-8iH5/2GeHp1d7+m5ZTJPXg1rbMSuTAOUNOULkANEHwtePe2qQXlJgv/obZYzHnUdHQnkvkhl4ALmGkzlFexWUg==",
      "peer": true
    },
    "csstype": {
      "version": "3.1.1",
      "resolved": "https://registry.npmjs.org/csstype/-/csstype-3.1.1.tgz",
      "integrity": "sha512-DJR/VvkAvSZW9bTouZue2sSxDwdTN92uHjqeKVm+0dAqdfNykRzQ95tay8aXMBAAPpUiq4Qcug2L7neoRh2Egw=="
    },
    "typescript": {
      "version": "4.9.4",
      "resolved": "https://registry.npmjs.org/typescript/-/typescript-4.9.4.tgz",
      "integrity": "sha512-Uz+dTXYzxXXbsFpM86Wh3dKCxrQqUcVMxwU54orwlJjOpO3ao8L7j5lH+dWfTwgCwIuM9GQ2kvVotzYJMXTBZg==",
      "dev": true
    }
  }
}
