{
  "name": "app",
  "version": "0.1.0",
  "lockfileVersion": 2,
  "requires": true,
  "packages": {
    "": {
      "name": "app",
      "version": "0.1.0",
      "license": "ISC",
      "dependencies": {
        "@babylonjs/core": "^5.0.0-beta.4",
        "@babylonjs/gui": "^5.0.0-beta.4",
        "@babylonjs/inspector": "^5.0.0-beta.4",
        "@timohausmann/quadtree-js": "^1.2.5"
      },
      "devDependencies": {
        "@types/react": "^17.0.37",
        "@types/react-dom": "^17.0.11",
        "typescript": "^4.4.3"
      }
    },
    "node_modules/@babylonjs/core": {
      "version": "5.0.0-beta.4",
      "resolved": "https://registry.npmjs.org/@babylonjs/core/-/core-5.0.0-beta.4.tgz",
      "integrity": "sha512-to5IVdbJP+9eOwhKTgYCVe3N7I8ofzCILXrfHNqu9G+mZ127+5axtvxmUOYe8NmgtFr4/UpOTCDMIsJwdtlyMA==",
      "dependencies": {
        "tslib": "^2.3.1"
      },
      "engines": {
        "node": ">=12.x"
      }
    },
    "node_modules/@babylonjs/gui": {
      "version": "5.0.0-beta.4",
      "resolved": "https://registry.npmjs.org/@babylonjs/gui/-/gui-5.0.0-beta.4.tgz",
      "integrity": "sha512-zmiJiTPjfQP1d/++XRB/QKn7pAMUU+dcc9s3d/SUBJ6+3OfHpGsrV9lsNGHEImNykJw97LM804iHI9KSCL53QQ==",
      "dependencies": {
        "@babylonjs/core": "5.0.0-beta.4",
        "tslib": "^2.3.1"
      },
      "engines": {
        "node": "*"
      }
    },
    "node_modules/@babylonjs/inspector": {
      "version": "5.0.0-beta.4",
      "resolved": "https://registry.npmjs.org/@babylonjs/inspector/-/inspector-5.0.0-beta.4.tgz",
      "integrity": "sha512-F2UTM99tem2l8kpUEyUSwT5Tq2Nb1346r8Sn2/3LZh9zWVkwHEO6+I8UVYFjvHkGQQAfbvwISDEK1CoSnvCRmg==",
      "dependencies": {
        "@babylonjs/core": "5.0.0-beta.4",
        "@babylonjs/gui": "5.0.0-beta.4",
        "@babylonjs/loaders": "5.0.0-beta.4",
        "@babylonjs/materials": "5.0.0-beta.4",
        "@babylonjs/serializers": "5.0.0-beta.4",
        "babylonjs-gltf2interface": "5.0.0-beta.4",
        "tslib": "^2.3.1"
      },
      "engines": {
        "node": "*"
      },
      "peerDependencies": {
        "@types/react": ">=16.7.3",
        "@types/react-dom": ">=16.0.9"
      }
    },
    "node_modules/@babylonjs/loaders": {
      "version": "5.0.0-beta.4",
      "resolved": "https://registry.npmjs.org/@babylonjs/loaders/-/loaders-5.0.0-beta.4.tgz",
      "integrity": "sha512-R8kOxKnP76l+d/Ml5sTPU/OC/Lkgk6IFIgLSfRL8zd7WMvU42xmtOlW/AUGxY/OEMAeS+7JRibCpk/WEwJDfUw==",
      "dependencies": {
        "@babylonjs/core": "5.0.0-beta.4",
        "babylonjs-gltf2interface": "5.0.0-beta.4",
        "tslib": "^2.3.1"
      },
      "engines": {
        "node": "*"
      }
    },
    "node_modules/@babylonjs/materials": {
      "version": "5.0.0-beta.4",
      "resolved": "https://registry.npmjs.org/@babylonjs/materials/-/materials-5.0.0-beta.4.tgz",
      "integrity": "sha512-pluYjMjB7ket2usT74U3PWnXR7cq5plEoc0apVHj3px7D4rN3E+5tz6g5RorYuuY9f8hmRdW02WP5kyNN0kBww==",
      "dependencies": {
        "@babylonjs/core": "5.0.0-beta.4",
        "tslib": "^2.3.1"
      },
      "engines": {
        "node": "*"
      }
    },
    "node_modules/@babylonjs/serializers": {
      "version": "5.0.0-beta.4",
      "resolved": "https://registry.npmjs.org/@babylonjs/serializers/-/serializers-5.0.0-beta.4.tgz",
      "integrity": "sha512-YkBSDxbmjfgZUPGc9lne7ScNk1Xaa19Xbphk4rrNqgJ5nX6O13l2z/iI7yhBOCMFd0Rl9v/lAURnDzVu7gIE4A==",
      "dependencies": {
        "@babylonjs/core": "5.0.0-beta.4",
        "babylonjs-gltf2interface": "5.0.0-beta.4",
        "tslib": "^2.3.1"
      },
      "engines": {
        "node": "*"
      }
    },
    "node_modules/@timohausmann/quadtree-js": {
      "version": "1.2.5",
      "resolved": "https://registry.npmjs.org/@timohausmann/quadtree-js/-/quadtree-js-1.2.5.tgz",
      "integrity": "sha512-WcH3pouYtpyLjTCRvNP0WuSV4m7mRyYhLzW44egveFryT7pJhpDsdIJASEe37iCFNA0vmEpqTYGoG0siyXEthA=="
    },
    "node_modules/@types/prop-types": {
      "version": "15.7.4",
      "resolved": "https://registry.npmjs.org/@types/prop-types/-/prop-types-15.7.4.tgz",
      "integrity": "sha512-rZ5drC/jWjrArrS8BR6SIr4cWpW09RNTYt9AMZo3Jwwif+iacXAqgVjm0B0Bv/S1jhDXKHqRVNCbACkJ89RAnQ=="
    },
    "node_modules/@types/react": {
      "version": "17.0.38",
      "resolved": "https://registry.npmjs.org/@types/react/-/react-17.0.38.tgz",
      "integrity": "sha512-SI92X1IA+FMnP3qM5m4QReluXzhcmovhZnLNm3pyeQlooi02qI7sLiepEYqT678uNiyc25XfCqxREFpy3W7YhQ==",
      "dependencies": {
        "@types/prop-types": "*",
        "@types/scheduler": "*",
        "csstype": "^3.0.2"
      }
    },
    "node_modules/@types/react-dom": {
      "version": "17.0.11",
      "resolved": "https://registry.npmjs.org/@types/react-dom/-/react-dom-17.0.11.tgz",
      "integrity": "sha512-f96K3k+24RaLGVu/Y2Ng3e1EbZ8/cVJvypZWd7cy0ofCBaf2lcM46xNhycMZ2xGwbBjRql7hOlZ+e2WlJ5MH3Q==",
      "dependencies": {
        "@types/react": "*"
      }
    },
    "node_modules/@types/scheduler": {
      "version": "0.16.2",
      "resolved": "https://registry.npmjs.org/@types/scheduler/-/scheduler-0.16.2.tgz",
      "integrity": "sha512-hppQEBDmlwhFAXKJX2KnWLYu5yMfi91yazPb2l+lbJiwW+wdo1gNeRA+3RgNSO39WYX2euey41KEwnqesU2Jew=="
    },
    "node_modules/babylonjs-gltf2interface": {
      "version": "5.0.0-beta.4",
      "resolved": "https://registry.npmjs.org/babylonjs-gltf2interface/-/babylonjs-gltf2interface-5.0.0-beta.4.tgz",
      "integrity": "sha512-Tr9/oKeyhT0xkIDvxVwgMTP6EnKXb8EJ9E3JoOi7Q/qQVuD5MSyhwSbj9yF8J4m1eDyvXP9Uj2+8xwd981FQHA==",
      "engines": {
        "node": "*"
      }
    },
    "node_modules/csstype": {
      "version": "3.0.10",
      "resolved": "https://registry.npmjs.org/csstype/-/csstype-3.0.10.tgz",
      "integrity": "sha512-2u44ZG2OcNUO9HDp/Jl8C07x6pU/eTR3ncV91SiK3dhG9TWvRVsCoJw14Ckx5DgWkzGA3waZWO3d7pgqpUI/XA=="
    },
    "node_modules/tslib": {
      "version": "2.3.1",
      "resolved": "https://registry.npmjs.org/tslib/-/tslib-2.3.1.tgz",
      "integrity": "sha512-77EbyPPpMz+FRFRuAFlWMtmgUWGe9UOG2Z25NqCwiIjRhOf5iKGuzSe5P2w1laq+FkRy4p+PCuVkJSGkzTEKVw=="
    },
    "node_modules/typescript": {
      "version": "4.5.5",
      "resolved": "https://registry.npmjs.org/typescript/-/typescript-4.5.5.tgz",
      "integrity": "sha512-TCTIul70LyWe6IJWT8QSYeA54WQe8EjQFU4wY52Fasj5UKx88LNYKCgBEHcOMOrFF1rKGbD8v/xcNWVUq9SymA==",
      "dev": true,
      "bin": {
        "tsc": "bin/tsc",
        "tsserver": "bin/tsserver"
      },
      "engines": {
        "node": ">=4.2.0"
      }
    }
  },
  "dependencies": {
    "@babylonjs/core": {
      "version": "5.0.0-beta.4",
      "resolved": "https://registry.npmjs.org/@babylonjs/core/-/core-5.0.0-beta.4.tgz",
      "integrity": "sha512-to5IVdbJP+9eOwhKTgYCVe3N7I8ofzCILXrfHNqu9G+mZ127+5axtvxmUOYe8NmgtFr4/UpOTCDMIsJwdtlyMA==",
      "requires": {
        "tslib": "^2.3.1"
      }
    },
    "@babylonjs/gui": {
      "version": "5.0.0-beta.4",
      "resolved": "https://registry.npmjs.org/@babylonjs/gui/-/gui-5.0.0-beta.4.tgz",
      "integrity": "sha512-zmiJiTPjfQP1d/++XRB/QKn7pAMUU+dcc9s3d/SUBJ6+3OfHpGsrV9lsNGHEImNykJw97LM804iHI9KSCL53QQ==",
      "requires": {
        "@babylonjs/core": "5.0.0-beta.4",
        "tslib": "^2.3.1"
      }
    },
    "@babylonjs/inspector": {
      "version": "5.0.0-beta.4",
      "resolved": "https://registry.npmjs.org/@babylonjs/inspector/-/inspector-5.0.0-beta.4.tgz",
      "integrity": "sha512-F2UTM99tem2l8kpUEyUSwT5Tq2Nb1346r8Sn2/3LZh9zWVkwHEO6+I8UVYFjvHkGQQAfbvwISDEK1CoSnvCRmg==",
      "requires": {
        "@babylonjs/core": "5.0.0-beta.4",
        "@babylonjs/gui": "5.0.0-beta.4",
        "@babylonjs/loaders": "5.0.0-beta.4",
        "@babylonjs/materials": "5.0.0-beta.4",
        "@babylonjs/serializers": "5.0.0-beta.4",
        "babylonjs-gltf2interface": "5.0.0-beta.4",
        "tslib": "^2.3.1"
      }
    },
    "@babylonjs/loaders": {
      "version": "5.0.0-beta.4",
      "resolved": "https://registry.npmjs.org/@babylonjs/loaders/-/loaders-5.0.0-beta.4.tgz",
      "integrity": "sha512-R8kOxKnP76l+d/Ml5sTPU/OC/Lkgk6IFIgLSfRL8zd7WMvU42xmtOlW/AUGxY/OEMAeS+7JRibCpk/WEwJDfUw==",
      "requires": {
        "@babylonjs/core": "5.0.0-beta.4",
        "babylonjs-gltf2interface": "5.0.0-beta.4",
        "tslib": "^2.3.1"
      }
    },
    "@babylonjs/materials": {
      "version": "5.0.0-beta.4",
      "resolved": "https://registry.npmjs.org/@babylonjs/materials/-/materials-5.0.0-beta.4.tgz",
      "integrity": "sha512-pluYjMjB7ket2usT74U3PWnXR7cq5plEoc0apVHj3px7D4rN3E+5tz6g5RorYuuY9f8hmRdW02WP5kyNN0kBww==",
      "requires": {
        "@babylonjs/core": "5.0.0-beta.4",
        "tslib": "^2.3.1"
      }
    },
    "@babylonjs/serializers": {
      "version": "5.0.0-beta.4",
      "resolved": "https://registry.npmjs.org/@babylonjs/serializers/-/serializers-5.0.0-beta.4.tgz",
      "integrity": "sha512-YkBSDxbmjfgZUPGc9lne7ScNk1Xaa19Xbphk4rrNqgJ5nX6O13l2z/iI7yhBOCMFd0Rl9v/lAURnDzVu7gIE4A==",
      "requires": {
        "@babylonjs/core": "5.0.0-beta.4",
        "babylonjs-gltf2interface": "5.0.0-beta.4",
        "tslib": "^2.3.1"
      }
    },
    "@timohausmann/quadtree-js": {
      "version": "1.2.5",
      "resolved": "https://registry.npmjs.org/@timohausmann/quadtree-js/-/quadtree-js-1.2.5.tgz",
      "integrity": "sha512-WcH3pouYtpyLjTCRvNP0WuSV4m7mRyYhLzW44egveFryT7pJhpDsdIJASEe37iCFNA0vmEpqTYGoG0siyXEthA=="
    },
    "@types/prop-types": {
      "version": "15.7.4",
      "resolved": "https://registry.npmjs.org/@types/prop-types/-/prop-types-15.7.4.tgz",
      "integrity": "sha512-rZ5drC/jWjrArrS8BR6SIr4cWpW09RNTYt9AMZo3Jwwif+iacXAqgVjm0B0Bv/S1jhDXKHqRVNCbACkJ89RAnQ=="
    },
    "@types/react": {
      "version": "17.0.38",
      "resolved": "https://registry.npmjs.org/@types/react/-/react-17.0.38.tgz",
      "integrity": "sha512-SI92X1IA+FMnP3qM5m4QReluXzhcmovhZnLNm3pyeQlooi02qI7sLiepEYqT678uNiyc25XfCqxREFpy3W7YhQ==",
      "requires": {
        "@types/prop-types": "*",
        "@types/scheduler": "*",
        "csstype": "^3.0.2"
      }
    },
    "@types/react-dom": {
      "version": "17.0.11",
      "resolved": "https://registry.npmjs.org/@types/react-dom/-/react-dom-17.0.11.tgz",
      "integrity": "sha512-f96K3k+24RaLGVu/Y2Ng3e1EbZ8/cVJvypZWd7cy0ofCBaf2lcM46xNhycMZ2xGwbBjRql7hOlZ+e2WlJ5MH3Q==",
      "requires": {
        "@types/react": "*"
      }
    },
    "@types/scheduler": {
      "version": "0.16.2",
      "resolved": "https://registry.npmjs.org/@types/scheduler/-/scheduler-0.16.2.tgz",
      "integrity": "sha512-hppQEBDmlwhFAXKJX2KnWLYu5yMfi91yazPb2l+lbJiwW+wdo1gNeRA+3RgNSO39WYX2euey41KEwnqesU2Jew=="
    },
    "babylonjs-gltf2interface": {
      "version": "5.0.0-beta.4",
      "resolved": "https://registry.npmjs.org/babylonjs-gltf2interface/-/babylonjs-gltf2interface-5.0.0-beta.4.tgz",
      "integrity": "sha512-Tr9/oKeyhT0xkIDvxVwgMTP6EnKXb8EJ9E3JoOi7Q/qQVuD5MSyhwSbj9yF8J4m1eDyvXP9Uj2+8xwd981FQHA=="
    },
    "csstype": {
      "version": "3.0.10",
      "resolved": "https://registry.npmjs.org/csstype/-/csstype-3.0.10.tgz",
      "integrity": "sha512-2u44ZG2OcNUO9HDp/Jl8C07x6pU/eTR3ncV91SiK3dhG9TWvRVsCoJw14Ckx5DgWkzGA3waZWO3d7pgqpUI/XA=="
    },
    "tslib": {
      "version": "2.3.1",
      "resolved": "https://registry.npmjs.org/tslib/-/tslib-2.3.1.tgz",
      "integrity": "sha512-77EbyPPpMz+FRFRuAFlWMtmgUWGe9UOG2Z25NqCwiIjRhOf5iKGuzSe5P2w1laq+FkRy4p+PCuVkJSGkzTEKVw=="
    },
    "typescript": {
      "version": "4.5.5",
      "resolved": "https://registry.npmjs.org/typescript/-/typescript-4.5.5.tgz",
      "integrity": "sha512-TCTIul70LyWe6IJWT8QSYeA54WQe8EjQFU4wY52Fasj5UKx88LNYKCgBEHcOMOrFF1rKGbD8v/xcNWVUq9SymA==",
      "dev": true
    }
  }
}
