{
  "name": "app_package",
  "version": "1.0.0",
  "lockfileVersion": 2,
  "requires": true,
  "packages": {
    "": {
      "name": "app_package",
      "version": "1.0.0",
      "license": "ISC",
      "dependencies": {
        "@babylonjs/core": "^5.0.0-alpha.65",
        "@babylonjs/gui": "^5.0.0-alpha.65",
        "@babylonjs/materials": "^5.0.0-alpha.65",
        "@timohausmann/quadtree-js": "^1.2.5"
      },
      "devDependencies": {
        "@babylonjs/inspector": "^5.0.0-alpha.65",
        "@types/react": "^17.0.37",
        "@types/react-dom": "^17.0.11",
        "typescript": "^4.4.3"
      }
    },
    "node_modules/@babylonjs/core": {
      "version": "5.0.0-alpha.65",
      "resolved": "https://registry.npmjs.org/@babylonjs/core/-/core-5.0.0-alpha.65.tgz",
      "integrity": "sha512-L4b5cLVYVqR+TuSMZK5tt79JXIndUq/RtMKgMFgNZbIweoBxY7C9Xf+DaoWrpDpXeb4ReaHLQJeeJczyzJQV6g==",
      "dependencies": {
        "tslib": "^2.3.1"
      },
      "engines": {
        "node": ">=12.x"
      }
    },
    "node_modules/@babylonjs/gui": {
      "version": "5.0.0-alpha.65",
      "resolved": "https://registry.npmjs.org/@babylonjs/gui/-/gui-5.0.0-alpha.65.tgz",
      "integrity": "sha512-eJlTJgV+558Z1kGi7u6rsWe0TUiFw04z4LjZgg161OvWU2LAKM+EpUdjnVnuBwMJniWMXIg1kWNkzDDG8PNtPA==",
      "dependencies": {
        "@babylonjs/core": "5.0.0-alpha.65",
        "tslib": "^2.3.1"
      },
      "engines": {
        "node": "*"
      }
    },
    "node_modules/@babylonjs/inspector": {
      "version": "5.0.0-alpha.65",
      "resolved": "https://registry.npmjs.org/@babylonjs/inspector/-/inspector-5.0.0-alpha.65.tgz",
      "integrity": "sha512-gVT63PdgvTzlrC2BAqOapbFx7+419BYPGENFVJiTTedBqLJZ0cpQ59BU2C8bvG15otj5TKn6UQO86uQCZSagQg==",
      "dev": true,
      "dependencies": {
        "@babylonjs/core": "5.0.0-alpha.65",
        "@babylonjs/gui": "5.0.0-alpha.65",
        "@babylonjs/loaders": "5.0.0-alpha.65",
        "@babylonjs/materials": "5.0.0-alpha.65",
        "@babylonjs/serializers": "5.0.0-alpha.65",
        "babylonjs-gltf2interface": "5.0.0-alpha.65",
        "tslib": "^2.3.1"
      },
      "engines": {
        "node": "*"
      },
      "peerDependencies": {
        "@types/react": ">=16.7.3",
        "@types/react-dom": ">=16.0.9"
      }
    },
    "node_modules/@babylonjs/loaders": {
      "version": "5.0.0-alpha.65",
      "resolved": "https://registry.npmjs.org/@babylonjs/loaders/-/loaders-5.0.0-alpha.65.tgz",
      "integrity": "sha512-RMjWdM3WnA5v5Y00VrCTvxUFsQPzBj1Y1vVKds8cyD8UEpwhlYktbqmUZDOhRreJujmo/bACwhmtFaYijW0hvA==",
      "dev": true,
      "dependencies": {
        "@babylonjs/core": "5.0.0-alpha.65",
        "babylonjs-gltf2interface": "5.0.0-alpha.65",
        "tslib": "^2.3.1"
      },
      "engines": {
        "node": "*"
      }
    },
    "node_modules/@babylonjs/materials": {
      "version": "5.0.0-alpha.65",
      "resolved": "https://registry.npmjs.org/@babylonjs/materials/-/materials-5.0.0-alpha.65.tgz",
      "integrity": "sha512-C+RXnzCkFQY1KKSi0ZYntMROyYg/emS35AuEVws73O97dLI0kbcmIjsQMcJXlyqgmyuozyJ/KNB/hik2DEiQyQ==",
      "dependencies": {
        "@babylonjs/core": "5.0.0-alpha.65",
        "tslib": "^2.3.1"
      },
      "engines": {
        "node": "*"
      }
    },
    "node_modules/@babylonjs/serializers": {
      "version": "5.0.0-alpha.65",
      "resolved": "https://registry.npmjs.org/@babylonjs/serializers/-/serializers-5.0.0-alpha.65.tgz",
      "integrity": "sha512-y0cWzlkJSUkB4Xu3ZLFmFt+nAqAPzXvEoJOqnTXnWo2rdDCYeOkpdVyt2vMbEc2TcMDRh1S/h/hVWjryjp4LBA==",
      "dev": true,
      "dependencies": {
        "@babylonjs/core": "5.0.0-alpha.65",
        "babylonjs-gltf2interface": "5.0.0-alpha.65",
        "tslib": "^2.3.1"
      },
      "engines": {
        "node": "*"
      }
    },
    "node_modules/@timohausmann/quadtree-js": {
      "version": "1.2.5",
      "resolved": "https://registry.npmjs.org/@timohausmann/quadtree-js/-/quadtree-js-1.2.5.tgz",
      "integrity": "sha512-WcH3pouYtpyLjTCRvNP0WuSV4m7mRyYhLzW44egveFryT7pJhpDsdIJASEe37iCFNA0vmEpqTYGoG0siyXEthA=="
    },
    "node_modules/@types/prop-types": {
      "version": "15.7.4",
      "resolved": "https://registry.npmjs.org/@types/prop-types/-/prop-types-15.7.4.tgz",
      "integrity": "sha512-rZ5drC/jWjrArrS8BR6SIr4cWpW09RNTYt9AMZo3Jwwif+iacXAqgVjm0B0Bv/S1jhDXKHqRVNCbACkJ89RAnQ==",
      "dev": true
    },
    "node_modules/@types/react": {
      "version": "17.0.37",
      "resolved": "https://registry.npmjs.org/@types/react/-/react-17.0.37.tgz",
      "integrity": "sha512-2FS1oTqBGcH/s0E+CjrCCR9+JMpsu9b69RTFO+40ua43ZqP5MmQ4iUde/dMjWR909KxZwmOQIFq6AV6NjEG5xg==",
      "dev": true,
      "dependencies": {
        "@types/prop-types": "*",
        "@types/scheduler": "*",
        "csstype": "^3.0.2"
      }
    },
    "node_modules/@types/react-dom": {
      "version": "17.0.11",
      "resolved": "https://registry.npmjs.org/@types/react-dom/-/react-dom-17.0.11.tgz",
      "integrity": "sha512-f96K3k+24RaLGVu/Y2Ng3e1EbZ8/cVJvypZWd7cy0ofCBaf2lcM46xNhycMZ2xGwbBjRql7hOlZ+e2WlJ5MH3Q==",
      "dev": true,
      "dependencies": {
        "@types/react": "*"
      }
    },
    "node_modules/@types/scheduler": {
      "version": "0.16.2",
      "resolved": "https://registry.npmjs.org/@types/scheduler/-/scheduler-0.16.2.tgz",
      "integrity": "sha512-hppQEBDmlwhFAXKJX2KnWLYu5yMfi91yazPb2l+lbJiwW+wdo1gNeRA+3RgNSO39WYX2euey41KEwnqesU2Jew==",
      "dev": true
    },
    "node_modules/babylonjs-gltf2interface": {
      "version": "5.0.0-alpha.65",
      "resolved": "https://registry.npmjs.org/babylonjs-gltf2interface/-/babylonjs-gltf2interface-5.0.0-alpha.65.tgz",
      "integrity": "sha512-0GI2UUzBrHTGlIhE2vovsD/VVr/ao/KbLMgeefBQiwFsQ0fNTExEe0BuFTvmg91QQeTXKmEWALjVtJrSvNy/lg==",
      "dev": true,
      "engines": {
        "node": "*"
      }
    },
    "node_modules/csstype": {
      "version": "3.0.10",
      "resolved": "https://registry.npmjs.org/csstype/-/csstype-3.0.10.tgz",
      "integrity": "sha512-2u44ZG2OcNUO9HDp/Jl8C07x6pU/eTR3ncV91SiK3dhG9TWvRVsCoJw14Ckx5DgWkzGA3waZWO3d7pgqpUI/XA==",
      "dev": true
    },
    "node_modules/tslib": {
      "version": "2.3.1",
      "resolved": "https://registry.npmjs.org/tslib/-/tslib-2.3.1.tgz",
      "integrity": "sha512-77EbyPPpMz+FRFRuAFlWMtmgUWGe9UOG2Z25NqCwiIjRhOf5iKGuzSe5P2w1laq+FkRy4p+PCuVkJSGkzTEKVw=="
    },
    "node_modules/typescript": {
      "version": "4.5.4",
      "resolved": "https://registry.npmjs.org/typescript/-/typescript-4.5.4.tgz",
      "integrity": "sha512-VgYs2A2QIRuGphtzFV7aQJduJ2gyfTljngLzjpfW9FoYZF6xuw1W0vW9ghCKLfcWrCFxK81CSGRAvS1pn4fIUg==",
      "dev": true,
      "bin": {
        "tsc": "bin/tsc",
        "tsserver": "bin/tsserver"
      },
      "engines": {
        "node": ">=4.2.0"
      }
    }
  },
  "dependencies": {
    "@babylonjs/core": {
      "version": "5.0.0-alpha.65",
      "resolved": "https://registry.npmjs.org/@babylonjs/core/-/core-5.0.0-alpha.65.tgz",
      "integrity": "sha512-L4b5cLVYVqR+TuSMZK5tt79JXIndUq/RtMKgMFgNZbIweoBxY7C9Xf+DaoWrpDpXeb4ReaHLQJeeJczyzJQV6g==",
      "requires": {
        "tslib": "^2.3.1"
      }
    },
    "@babylonjs/gui": {
      "version": "5.0.0-alpha.65",
      "resolved": "https://registry.npmjs.org/@babylonjs/gui/-/gui-5.0.0-alpha.65.tgz",
      "integrity": "sha512-eJlTJgV+558Z1kGi7u6rsWe0TUiFw04z4LjZgg161OvWU2LAKM+EpUdjnVnuBwMJniWMXIg1kWNkzDDG8PNtPA==",
      "requires": {
        "@babylonjs/core": "5.0.0-alpha.65",
        "tslib": "^2.3.1"
      }
    },
    "@babylonjs/inspector": {
      "version": "5.0.0-alpha.65",
      "resolved": "https://registry.npmjs.org/@babylonjs/inspector/-/inspector-5.0.0-alpha.65.tgz",
      "integrity": "sha512-gVT63PdgvTzlrC2BAqOapbFx7+419BYPGENFVJiTTedBqLJZ0cpQ59BU2C8bvG15otj5TKn6UQO86uQCZSagQg==",
      "dev": true,
      "requires": {
        "@babylonjs/core": "5.0.0-alpha.65",
        "@babylonjs/gui": "5.0.0-alpha.65",
        "@babylonjs/loaders": "5.0.0-alpha.65",
        "@babylonjs/materials": "5.0.0-alpha.65",
        "@babylonjs/serializers": "5.0.0-alpha.65",
        "babylonjs-gltf2interface": "5.0.0-alpha.65",
        "tslib": "^2.3.1"
      }
    },
    "@babylonjs/loaders": {
      "version": "5.0.0-alpha.65",
      "resolved": "https://registry.npmjs.org/@babylonjs/loaders/-/loaders-5.0.0-alpha.65.tgz",
      "integrity": "sha512-RMjWdM3WnA5v5Y00VrCTvxUFsQPzBj1Y1vVKds8cyD8UEpwhlYktbqmUZDOhRreJujmo/bACwhmtFaYijW0hvA==",
      "dev": true,
      "requires": {
        "@babylonjs/core": "5.0.0-alpha.65",
        "babylonjs-gltf2interface": "5.0.0-alpha.65",
        "tslib": "^2.3.1"
      }
    },
    "@babylonjs/materials": {
      "version": "5.0.0-alpha.65",
      "resolved": "https://registry.npmjs.org/@babylonjs/materials/-/materials-5.0.0-alpha.65.tgz",
      "integrity": "sha512-C+RXnzCkFQY1KKSi0ZYntMROyYg/emS35AuEVws73O97dLI0kbcmIjsQMcJXlyqgmyuozyJ/KNB/hik2DEiQyQ==",
      "requires": {
        "@babylonjs/core": "5.0.0-alpha.65",
        "tslib": "^2.3.1"
      }
    },
    "@babylonjs/serializers": {
      "version": "5.0.0-alpha.65",
      "resolved": "https://registry.npmjs.org/@babylonjs/serializers/-/serializers-5.0.0-alpha.65.tgz",
      "integrity": "sha512-y0cWzlkJSUkB4Xu3ZLFmFt+nAqAPzXvEoJOqnTXnWo2rdDCYeOkpdVyt2vMbEc2TcMDRh1S/h/hVWjryjp4LBA==",
      "dev": true,
      "requires": {
        "@babylonjs/core": "5.0.0-alpha.65",
        "babylonjs-gltf2interface": "5.0.0-alpha.65",
        "tslib": "^2.3.1"
      }
    },
    "@timohausmann/quadtree-js": {
      "version": "1.2.5",
      "resolved": "https://registry.npmjs.org/@timohausmann/quadtree-js/-/quadtree-js-1.2.5.tgz",
      "integrity": "sha512-WcH3pouYtpyLjTCRvNP0WuSV4m7mRyYhLzW44egveFryT7pJhpDsdIJASEe37iCFNA0vmEpqTYGoG0siyXEthA=="
    },
    "@types/prop-types": {
      "version": "15.7.4",
      "resolved": "https://registry.npmjs.org/@types/prop-types/-/prop-types-15.7.4.tgz",
      "integrity": "sha512-rZ5drC/jWjrArrS8BR6SIr4cWpW09RNTYt9AMZo3Jwwif+iacXAqgVjm0B0Bv/S1jhDXKHqRVNCbACkJ89RAnQ==",
      "dev": true
    },
    "@types/react": {
      "version": "17.0.37",
      "resolved": "https://registry.npmjs.org/@types/react/-/react-17.0.37.tgz",
      "integrity": "sha512-2FS1oTqBGcH/s0E+CjrCCR9+JMpsu9b69RTFO+40ua43ZqP5MmQ4iUde/dMjWR909KxZwmOQIFq6AV6NjEG5xg==",
      "dev": true,
      "requires": {
        "@types/prop-types": "*",
        "@types/scheduler": "*",
        "csstype": "^3.0.2"
      }
    },
    "@types/react-dom": {
      "version": "17.0.11",
      "resolved": "https://registry.npmjs.org/@types/react-dom/-/react-dom-17.0.11.tgz",
      "integrity": "sha512-f96K3k+24RaLGVu/Y2Ng3e1EbZ8/cVJvypZWd7cy0ofCBaf2lcM46xNhycMZ2xGwbBjRql7hOlZ+e2WlJ5MH3Q==",
      "dev": true,
      "requires": {
        "@types/react": "*"
      }
    },
    "@types/scheduler": {
      "version": "0.16.2",
      "resolved": "https://registry.npmjs.org/@types/scheduler/-/scheduler-0.16.2.tgz",
      "integrity": "sha512-hppQEBDmlwhFAXKJX2KnWLYu5yMfi91yazPb2l+lbJiwW+wdo1gNeRA+3RgNSO39WYX2euey41KEwnqesU2Jew==",
      "dev": true
    },
    "babylonjs-gltf2interface": {
      "version": "5.0.0-alpha.65",
      "resolved": "https://registry.npmjs.org/babylonjs-gltf2interface/-/babylonjs-gltf2interface-5.0.0-alpha.65.tgz",
      "integrity": "sha512-0GI2UUzBrHTGlIhE2vovsD/VVr/ao/KbLMgeefBQiwFsQ0fNTExEe0BuFTvmg91QQeTXKmEWALjVtJrSvNy/lg==",
      "dev": true
    },
    "csstype": {
      "version": "3.0.10",
      "resolved": "https://registry.npmjs.org/csstype/-/csstype-3.0.10.tgz",
      "integrity": "sha512-2u44ZG2OcNUO9HDp/Jl8C07x6pU/eTR3ncV91SiK3dhG9TWvRVsCoJw14Ckx5DgWkzGA3waZWO3d7pgqpUI/XA==",
      "dev": true
    },
    "tslib": {
      "version": "2.3.1",
      "resolved": "https://registry.npmjs.org/tslib/-/tslib-2.3.1.tgz",
      "integrity": "sha512-77EbyPPpMz+FRFRuAFlWMtmgUWGe9UOG2Z25NqCwiIjRhOf5iKGuzSe5P2w1laq+FkRy4p+PCuVkJSGkzTEKVw=="
    },
    "typescript": {
      "version": "4.5.4",
      "resolved": "https://registry.npmjs.org/typescript/-/typescript-4.5.4.tgz",
      "integrity": "sha512-VgYs2A2QIRuGphtzFV7aQJduJ2gyfTljngLzjpfW9FoYZF6xuw1W0vW9ghCKLfcWrCFxK81CSGRAvS1pn4fIUg==",
      "dev": true
    }
  }
}
