{
  "name": "app_package",
  "version": "1.0.0",
  "lockfileVersion": 2,
  "requires": true,
  "packages": {
    "": {
      "name": "app_package",
      "version": "1.0.0",
      "license": "ISC",
      "dependencies": {
        "@babylonjs/core": "^5.0.0-alpha.65",
        "@babylonjs/gui": "^5.0.0-alpha.65",
        "@babylonjs/inspector": "^5.0.0-alpha.65",
        "@timohausmann/quadtree-js": "^1.2.5"
      },
      "devDependencies": {
        "@types/react": "^17.0.37",
        "@types/react-dom": "^17.0.11",
        "typescript": "^4.4.3"
      }
    },
    "node_modules/@babylonjs/core": {
      "version": "5.0.0-beta.2",
      "resolved": "https://registry.npmjs.org/@babylonjs/core/-/core-5.0.0-beta.2.tgz",
      "integrity": "sha512-hFYfvjjZuwzHQjT3OEXCg0NhrtoAU5td1flewz/RuZf7YIboS0ztH8V8LouHwiEa9re0PGsUWRRIgYYIF2CW9A==",
      "dependencies": {
        "tslib": "^2.3.1"
      },
      "engines": {
        "node": ">=12.x"
      }
    },
    "node_modules/@babylonjs/gui": {
      "version": "5.0.0-beta.2",
      "resolved": "https://registry.npmjs.org/@babylonjs/gui/-/gui-5.0.0-beta.2.tgz",
      "integrity": "sha512-ZFKep0npSQUyt+Y7MInPKJflarXm9US7RnmClaYH63G+f7YK2QmgHb3yzKd9um4lfo1py/h54nP+fNdKFl3K1w==",
      "dependencies": {
        "@babylonjs/core": "5.0.0-beta.2",
        "tslib": "^2.3.1"
      },
      "engines": {
        "node": "*"
      }
    },
    "node_modules/@babylonjs/inspector": {
      "version": "5.0.0-beta.2",
      "resolved": "https://registry.npmjs.org/@babylonjs/inspector/-/inspector-5.0.0-beta.2.tgz",
      "integrity": "sha512-TZ7h7ZNvZttYBoGnVNwOasJL+THDg0E+zHK+iYlG3OueyqO7c/fufdZE0hI/3PP4h+4FtnXEaEO2+6pPM8TGpA==",
      "dependencies": {
        "@babylonjs/core": "5.0.0-beta.2",
        "@babylonjs/gui": "5.0.0-beta.2",
        "@babylonjs/loaders": "5.0.0-beta.2",
        "@babylonjs/materials": "5.0.0-beta.2",
        "@babylonjs/serializers": "5.0.0-beta.2",
        "babylonjs-gltf2interface": "5.0.0-beta.2",
        "tslib": "^2.3.1"
      },
      "engines": {
        "node": "*"
      },
      "peerDependencies": {
        "@types/react": ">=16.7.3",
        "@types/react-dom": ">=16.0.9"
      }
    },
    "node_modules/@babylonjs/loaders": {
      "version": "5.0.0-beta.2",
      "resolved": "https://registry.npmjs.org/@babylonjs/loaders/-/loaders-5.0.0-beta.2.tgz",
      "integrity": "sha512-YfiSyq94qxcr1kkye6NAwfcGse2gvpjP4JgNrXjowAkUA3mz3rMCX4Hh6No9RKfU3jBf1ZIwn3Jweo0JSx3pNQ==",
      "dependencies": {
        "@babylonjs/core": "5.0.0-beta.2",
        "babylonjs-gltf2interface": "5.0.0-beta.2",
        "tslib": "^2.3.1"
      },
      "engines": {
        "node": "*"
      }
    },
    "node_modules/@babylonjs/materials": {
      "version": "5.0.0-beta.2",
      "resolved": "https://registry.npmjs.org/@babylonjs/materials/-/materials-5.0.0-beta.2.tgz",
      "integrity": "sha512-7TZFA/aXSCvByCVYe2o1J2qsHN5/LD55J52GtqXjLAt5nu1FfZSUnt+EfnaekOevzvJhCU8H63Kjf9xM+POJbw==",
      "dependencies": {
        "@babylonjs/core": "5.0.0-beta.2",
        "tslib": "^2.3.1"
      },
      "engines": {
        "node": "*"
      }
    },
    "node_modules/@babylonjs/serializers": {
      "version": "5.0.0-beta.2",
      "resolved": "https://registry.npmjs.org/@babylonjs/serializers/-/serializers-5.0.0-beta.2.tgz",
      "integrity": "sha512-NbbI1Cr2XA5ZaTk/ZGcrGJjP3W+y62st6mNLhzFnjg1rA273iEOG16wv9LdFuUY3XwA3IbjNhdeNkG2yHZ+lbg==",
      "dependencies": {
        "@babylonjs/core": "5.0.0-beta.2",
        "babylonjs-gltf2interface": "5.0.0-beta.2",
        "tslib": "^2.3.1"
      },
      "engines": {
        "node": "*"
      }
    },
    "node_modules/@timohausmann/quadtree-js": {
      "version": "1.2.5",
      "resolved": "https://registry.npmjs.org/@timohausmann/quadtree-js/-/quadtree-js-1.2.5.tgz",
      "integrity": "sha512-WcH3pouYtpyLjTCRvNP0WuSV4m7mRyYhLzW44egveFryT7pJhpDsdIJASEe37iCFNA0vmEpqTYGoG0siyXEthA=="
    },
    "node_modules/@types/prop-types": {
      "version": "15.7.4",
      "resolved": "https://registry.npmjs.org/@types/prop-types/-/prop-types-15.7.4.tgz",
      "integrity": "sha512-rZ5drC/jWjrArrS8BR6SIr4cWpW09RNTYt9AMZo3Jwwif+iacXAqgVjm0B0Bv/S1jhDXKHqRVNCbACkJ89RAnQ=="
    },
    "node_modules/@types/react": {
      "version": "17.0.38",
      "resolved": "https://registry.npmjs.org/@types/react/-/react-17.0.38.tgz",
      "integrity": "sha512-SI92X1IA+FMnP3qM5m4QReluXzhcmovhZnLNm3pyeQlooi02qI7sLiepEYqT678uNiyc25XfCqxREFpy3W7YhQ==",
      "dependencies": {
        "@types/prop-types": "*",
        "@types/scheduler": "*",
        "csstype": "^3.0.2"
      }
    },
    "node_modules/@types/react-dom": {
      "version": "17.0.11",
      "resolved": "https://registry.npmjs.org/@types/react-dom/-/react-dom-17.0.11.tgz",
      "integrity": "sha512-f96K3k+24RaLGVu/Y2Ng3e1EbZ8/cVJvypZWd7cy0ofCBaf2lcM46xNhycMZ2xGwbBjRql7hOlZ+e2WlJ5MH3Q==",
      "dependencies": {
        "@types/react": "*"
      }
    },
    "node_modules/@types/scheduler": {
      "version": "0.16.2",
      "resolved": "https://registry.npmjs.org/@types/scheduler/-/scheduler-0.16.2.tgz",
      "integrity": "sha512-hppQEBDmlwhFAXKJX2KnWLYu5yMfi91yazPb2l+lbJiwW+wdo1gNeRA+3RgNSO39WYX2euey41KEwnqesU2Jew=="
    },
    "node_modules/babylonjs-gltf2interface": {
      "version": "5.0.0-beta.2",
      "resolved": "https://registry.npmjs.org/babylonjs-gltf2interface/-/babylonjs-gltf2interface-5.0.0-beta.2.tgz",
      "integrity": "sha512-GfJ1vktjK7Lkap3o1RNdJE0MB5M6znPGdEWZSih9ZzEthkN7FOA0UkSCEhuv2raJTwhe0ow2w2pzEyNRnqf88w==",
      "engines": {
        "node": "*"
      }
    },
    "node_modules/csstype": {
      "version": "3.0.10",
      "resolved": "https://registry.npmjs.org/csstype/-/csstype-3.0.10.tgz",
      "integrity": "sha512-2u44ZG2OcNUO9HDp/Jl8C07x6pU/eTR3ncV91SiK3dhG9TWvRVsCoJw14Ckx5DgWkzGA3waZWO3d7pgqpUI/XA=="
    },
    "node_modules/tslib": {
      "version": "2.3.1",
      "resolved": "https://registry.npmjs.org/tslib/-/tslib-2.3.1.tgz",
      "integrity": "sha512-77EbyPPpMz+FRFRuAFlWMtmgUWGe9UOG2Z25NqCwiIjRhOf5iKGuzSe5P2w1laq+FkRy4p+PCuVkJSGkzTEKVw=="
    },
    "node_modules/typescript": {
      "version": "4.5.4",
      "resolved": "https://registry.npmjs.org/typescript/-/typescript-4.5.4.tgz",
      "integrity": "sha512-VgYs2A2QIRuGphtzFV7aQJduJ2gyfTljngLzjpfW9FoYZF6xuw1W0vW9ghCKLfcWrCFxK81CSGRAvS1pn4fIUg==",
      "dev": true,
      "bin": {
        "tsc": "bin/tsc",
        "tsserver": "bin/tsserver"
      },
      "engines": {
        "node": ">=4.2.0"
      }
    }
  },
  "dependencies": {
    "@babylonjs/core": {
      "version": "5.0.0-beta.2",
      "resolved": "https://registry.npmjs.org/@babylonjs/core/-/core-5.0.0-beta.2.tgz",
      "integrity": "sha512-hFYfvjjZuwzHQjT3OEXCg0NhrtoAU5td1flewz/RuZf7YIboS0ztH8V8LouHwiEa9re0PGsUWRRIgYYIF2CW9A==",
      "requires": {
        "tslib": "^2.3.1"
      }
    },
    "@babylonjs/gui": {
      "version": "5.0.0-beta.2",
      "resolved": "https://registry.npmjs.org/@babylonjs/gui/-/gui-5.0.0-beta.2.tgz",
      "integrity": "sha512-ZFKep0npSQUyt+Y7MInPKJflarXm9US7RnmClaYH63G+f7YK2QmgHb3yzKd9um4lfo1py/h54nP+fNdKFl3K1w==",
      "requires": {
        "@babylonjs/core": "5.0.0-beta.2",
        "tslib": "^2.3.1"
      }
    },
    "@babylonjs/inspector": {
      "version": "5.0.0-beta.2",
      "resolved": "https://registry.npmjs.org/@babylonjs/inspector/-/inspector-5.0.0-beta.2.tgz",
      "integrity": "sha512-TZ7h7ZNvZttYBoGnVNwOasJL+THDg0E+zHK+iYlG3OueyqO7c/fufdZE0hI/3PP4h+4FtnXEaEO2+6pPM8TGpA==",
      "requires": {
        "@babylonjs/core": "5.0.0-beta.2",
        "@babylonjs/gui": "5.0.0-beta.2",
        "@babylonjs/loaders": "5.0.0-beta.2",
        "@babylonjs/materials": "5.0.0-beta.2",
        "@babylonjs/serializers": "5.0.0-beta.2",
        "babylonjs-gltf2interface": "5.0.0-beta.2",
        "tslib": "^2.3.1"
      }
    },
    "@babylonjs/loaders": {
      "version": "5.0.0-beta.2",
      "resolved": "https://registry.npmjs.org/@babylonjs/loaders/-/loaders-5.0.0-beta.2.tgz",
      "integrity": "sha512-YfiSyq94qxcr1kkye6NAwfcGse2gvpjP4JgNrXjowAkUA3mz3rMCX4Hh6No9RKfU3jBf1ZIwn3Jweo0JSx3pNQ==",
      "requires": {
        "@babylonjs/core": "5.0.0-beta.2",
        "babylonjs-gltf2interface": "5.0.0-beta.2",
        "tslib": "^2.3.1"
      }
    },
    "@babylonjs/materials": {
      "version": "5.0.0-beta.2",
      "resolved": "https://registry.npmjs.org/@babylonjs/materials/-/materials-5.0.0-beta.2.tgz",
      "integrity": "sha512-7TZFA/aXSCvByCVYe2o1J2qsHN5/LD55J52GtqXjLAt5nu1FfZSUnt+EfnaekOevzvJhCU8H63Kjf9xM+POJbw==",
      "requires": {
        "@babylonjs/core": "5.0.0-beta.2",
        "tslib": "^2.3.1"
      }
    },
    "@babylonjs/serializers": {
      "version": "5.0.0-beta.2",
      "resolved": "https://registry.npmjs.org/@babylonjs/serializers/-/serializers-5.0.0-beta.2.tgz",
      "integrity": "sha512-NbbI1Cr2XA5ZaTk/ZGcrGJjP3W+y62st6mNLhzFnjg1rA273iEOG16wv9LdFuUY3XwA3IbjNhdeNkG2yHZ+lbg==",
      "requires": {
        "@babylonjs/core": "5.0.0-beta.2",
        "babylonjs-gltf2interface": "5.0.0-beta.2",
        "tslib": "^2.3.1"
      }
    },
    "@timohausmann/quadtree-js": {
      "version": "1.2.5",
      "resolved": "https://registry.npmjs.org/@timohausmann/quadtree-js/-/quadtree-js-1.2.5.tgz",
      "integrity": "sha512-WcH3pouYtpyLjTCRvNP0WuSV4m7mRyYhLzW44egveFryT7pJhpDsdIJASEe37iCFNA0vmEpqTYGoG0siyXEthA=="
    },
    "@types/prop-types": {
      "version": "15.7.4",
      "resolved": "https://registry.npmjs.org/@types/prop-types/-/prop-types-15.7.4.tgz",
      "integrity": "sha512-rZ5drC/jWjrArrS8BR6SIr4cWpW09RNTYt9AMZo3Jwwif+iacXAqgVjm0B0Bv/S1jhDXKHqRVNCbACkJ89RAnQ=="
    },
    "@types/react": {
      "version": "17.0.38",
      "resolved": "https://registry.npmjs.org/@types/react/-/react-17.0.38.tgz",
      "integrity": "sha512-SI92X1IA+FMnP3qM5m4QReluXzhcmovhZnLNm3pyeQlooi02qI7sLiepEYqT678uNiyc25XfCqxREFpy3W7YhQ==",
      "requires": {
        "@types/prop-types": "*",
        "@types/scheduler": "*",
        "csstype": "^3.0.2"
      }
    },
    "@types/react-dom": {
      "version": "17.0.11",
      "resolved": "https://registry.npmjs.org/@types/react-dom/-/react-dom-17.0.11.tgz",
      "integrity": "sha512-f96K3k+24RaLGVu/Y2Ng3e1EbZ8/cVJvypZWd7cy0ofCBaf2lcM46xNhycMZ2xGwbBjRql7hOlZ+e2WlJ5MH3Q==",
      "requires": {
        "@types/react": "*"
      }
    },
    "@types/scheduler": {
      "version": "0.16.2",
      "resolved": "https://registry.npmjs.org/@types/scheduler/-/scheduler-0.16.2.tgz",
      "integrity": "sha512-hppQEBDmlwhFAXKJX2KnWLYu5yMfi91yazPb2l+lbJiwW+wdo1gNeRA+3RgNSO39WYX2euey41KEwnqesU2Jew=="
    },
    "babylonjs-gltf2interface": {
      "version": "5.0.0-beta.2",
      "resolved": "https://registry.npmjs.org/babylonjs-gltf2interface/-/babylonjs-gltf2interface-5.0.0-beta.2.tgz",
      "integrity": "sha512-GfJ1vktjK7Lkap3o1RNdJE0MB5M6znPGdEWZSih9ZzEthkN7FOA0UkSCEhuv2raJTwhe0ow2w2pzEyNRnqf88w=="
    },
    "csstype": {
      "version": "3.0.10",
      "resolved": "https://registry.npmjs.org/csstype/-/csstype-3.0.10.tgz",
      "integrity": "sha512-2u44ZG2OcNUO9HDp/Jl8C07x6pU/eTR3ncV91SiK3dhG9TWvRVsCoJw14Ckx5DgWkzGA3waZWO3d7pgqpUI/XA=="
    },
    "tslib": {
      "version": "2.3.1",
      "resolved": "https://registry.npmjs.org/tslib/-/tslib-2.3.1.tgz",
      "integrity": "sha512-77EbyPPpMz+FRFRuAFlWMtmgUWGe9UOG2Z25NqCwiIjRhOf5iKGuzSe5P2w1laq+FkRy4p+PCuVkJSGkzTEKVw=="
    },
    "typescript": {
      "version": "4.5.4",
      "resolved": "https://registry.npmjs.org/typescript/-/typescript-4.5.4.tgz",
      "integrity": "sha512-VgYs2A2QIRuGphtzFV7aQJduJ2gyfTljngLzjpfW9FoYZF6xuw1W0vW9ghCKLfcWrCFxK81CSGRAvS1pn4fIUg==",
      "dev": true
    }
  }
}
